// !$*UTF8*$!
{
	archiveVersion = 1;
	classes = {
	};
	objectVersion = 55;
	objects = {

/* Begin PBXBuildFile section */
		FE05229E286F214100E393E2 /* ContactsTableViewController.swift in Sources */ = {isa = PBXBuildFile; fileRef = FE05229D286F214100E393E2 /* ContactsTableViewController.swift */; };
		FE0522A0286F23C000E393E2 /* ContactTableViewCell.swift in Sources */ = {isa = PBXBuildFile; fileRef = FE05229F286F23C000E393E2 /* ContactTableViewCell.swift */; };
		FE0522A2286F789D00E393E2 /* ErrorViewController.swift in Sources */ = {isa = PBXBuildFile; fileRef = FE0522A1286F789D00E393E2 /* ErrorViewController.swift */; };
		FEA157D1286FB39E00EA5755 /* ContactViewController.swift in Sources */ = {isa = PBXBuildFile; fileRef = FEA157D0286FB39E00EA5755 /* ContactViewController.swift */; };
		FEC15C0B286DF23200F855BB /* AppDelegate.swift in Sources */ = {isa = PBXBuildFile; fileRef = FEC15C0A286DF23200F855BB /* AppDelegate.swift */; };
		FEC15C0D286DF23200F855BB /* SceneDelegate.swift in Sources */ = {isa = PBXBuildFile; fileRef = FEC15C0C286DF23200F855BB /* SceneDelegate.swift */; };
		FEC15C0F286DF23200F855BB /* ViewController.swift in Sources */ = {isa = PBXBuildFile; fileRef = FEC15C0E286DF23200F855BB /* ViewController.swift */; };
		FEC15C12286DF23200F855BB /* Main.storyboard in Resources */ = {isa = PBXBuildFile; fileRef = FEC15C10286DF23200F855BB /* Main.storyboard */; };
		FEC15C14286DF23400F855BB /* Assets.xcassets in Resources */ = {isa = PBXBuildFile; fileRef = FEC15C13286DF23400F855BB /* Assets.xcassets */; };
		FEC15C17286DF23400F855BB /* LaunchScreen.storyboard in Resources */ = {isa = PBXBuildFile; fileRef = FEC15C15286DF23400F855BB /* LaunchScreen.storyboard */; };
/* End PBXBuildFile section */

/* Begin PBXFileReference section */
		FE05229D286F214100E393E2 /* ContactsTableViewController.swift */ = {isa = PBXFileReference; lastKnownFileType = sourcecode.swift; path = ContactsTableViewController.swift; sourceTree = "<group>"; };
		FE05229F286F23C000E393E2 /* ContactTableViewCell.swift */ = {isa = PBXFileReference; lastKnownFileType = sourcecode.swift; path = ContactTableViewCell.swift; sourceTree = "<group>"; };
		FE0522A1286F789D00E393E2 /* ErrorViewController.swift */ = {isa = PBXFileReference; lastKnownFileType = sourcecode.swift; path = ErrorViewController.swift; sourceTree = "<group>"; };
		FEA157D0286FB39E00EA5755 /* ContactViewController.swift */ = {isa = PBXFileReference; lastKnownFileType = sourcecode.swift; path = ContactViewController.swift; sourceTree = "<group>"; };
		FEC15C07286DF23200F855BB /* hw2.app */ = {isa = PBXFileReference; explicitFileType = wrapper.application; includeInIndex = 0; path = hw2.app; sourceTree = BUILT_PRODUCTS_DIR; };
		FEC15C0A286DF23200F855BB /* AppDelegate.swift */ = {isa = PBXFileReference; lastKnownFileType = sourcecode.swift; path = AppDelegate.swift; sourceTree = "<group>"; };
		FEC15C0C286DF23200F855BB /* SceneDelegate.swift */ = {isa = PBXFileReference; lastKnownFileType = sourcecode.swift; path = SceneDelegate.swift; sourceTree = "<group>"; };
		FEC15C0E286DF23200F855BB /* ViewController.swift */ = {isa = PBXFileReference; lastKnownFileType = sourcecode.swift; path = ViewController.swift; sourceTree = "<group>"; };
		FEC15C11286DF23200F855BB /* Base */ = {isa = PBXFileReference; lastKnownFileType = file.storyboard; name = Base; path = Base.lproj/Main.storyboard; sourceTree = "<group>"; };
		FEC15C13286DF23400F855BB /* Assets.xcassets */ = {isa = PBXFileReference; lastKnownFileType = folder.assetcatalog; path = Assets.xcassets; sourceTree = "<group>"; };
		FEC15C16286DF23400F855BB /* Base */ = {isa = PBXFileReference; lastKnownFileType = file.storyboard; name = Base; path = Base.lproj/LaunchScreen.storyboard; sourceTree = "<group>"; };
		FEC15C18286DF23400F855BB /* Info.plist */ = {isa = PBXFileReference; lastKnownFileType = text.plist.xml; path = Info.plist; sourceTree = "<group>"; };
/* End PBXFileReference section */

/* Begin PBXFrameworksBuildPhase section */
		FEC15C04286DF23200F855BB /* Frameworks */ = {
			isa = PBXFrameworksBuildPhase;
			buildActionMask = 2147483647;
			files = (
			);
			runOnlyForDeploymentPostprocessing = 0;
		};
/* End PBXFrameworksBuildPhase section */

/* Begin PBXGroup section */
		FEA157CE286FB26A00EA5755 /* ViewControllers */ = {
			isa = PBXGroup;
			children = (
				FE05229F286F23C000E393E2 /* ContactTableViewCell.swift */,
				FEC15C0E286DF23200F855BB /* ViewController.swift */,
				FE05229D286F214100E393E2 /* ContactsTableViewController.swift */,
				FE0522A1286F789D00E393E2 /* ErrorViewController.swift */,
				FEA157D0286FB39E00EA5755 /* ContactViewController.swift */,
			);
			path = ViewControllers;
			sourceTree = "<group>";
		};
		FEC15BFE286DF23200F855BB = {
			isa = PBXGroup;
			children = (
				FEC15C09286DF23200F855BB /* hw2 */,
				FEC15C08286DF23200F855BB /* Products */,
			);
			sourceTree = "<group>";
		};
		FEC15C08286DF23200F855BB /* Products */ = {
			isa = PBXGroup;
			children = (
				FEC15C07286DF23200F855BB /* hw2.app */,
			);
			name = Products;
			sourceTree = "<group>";
		};
		FEC15C09286DF23200F855BB /* hw2 */ = {
			isa = PBXGroup;
			children = (
				FEC15C0A286DF23200F855BB /* AppDelegate.swift */,
				FEC15C0C286DF23200F855BB /* SceneDelegate.swift */,
				FEA157CE286FB26A00EA5755 /* ViewControllers */,
				FEC15C10286DF23200F855BB /* Main.storyboard */,
				FEC15C13286DF23400F855BB /* Assets.xcassets */,
				FEC15C15286DF23400F855BB /* LaunchScreen.storyboard */,
				FEC15C18286DF23400F855BB /* Info.plist */,
			);
			path = hw2;
			sourceTree = "<group>";
		};
/* End PBXGroup section */

/* Begin PBXNativeTarget section */
		FEC15C06286DF23200F855BB /* hw2 */ = {
			isa = PBXNativeTarget;
			buildConfigurationList = FEC15C1B286DF23400F855BB /* Build configuration list for PBXNativeTarget "hw2" */;
			buildPhases = (
				FEC15C03286DF23200F855BB /* Sources */,
				FEC15C04286DF23200F855BB /* Frameworks */,
				FEC15C05286DF23200F855BB /* Resources */,
			);
			buildRules = (
			);
			dependencies = (
			);
			name = hw2;
			productName = Lesson2;
			productReference = FEC15C07286DF23200F855BB /* hw2.app */;
			productType = "com.apple.product-type.application";
		};
/* End PBXNativeTarget section */

/* Begin PBXProject section */
		FEC15BFF286DF23200F855BB /* Project object */ = {
			isa = PBXProject;
			attributes = {
				BuildIndependentTargetsInParallel = 1;
				LastSwiftUpdateCheck = 1340;
				LastUpgradeCheck = 1340;
				TargetAttributes = {
					FEC15C06286DF23200F855BB = {
						CreatedOnToolsVersion = 13.4.1;
					};
				};
			};
			buildConfigurationList = FEC15C02286DF23200F855BB /* Build configuration list for PBXProject "hw2" */;
			compatibilityVersion = "Xcode 13.0";
			developmentRegion = en;
			hasScannedForEncodings = 0;
			knownRegions = (
				en,
				Base,
			);
			mainGroup = FEC15BFE286DF23200F855BB;
			productRefGroup = FEC15C08286DF23200F855BB /* Products */;
			projectDirPath = "";
			projectRoot = "";
			targets = (
				FEC15C06286DF23200F855BB /* hw2 */,
			);
		};
/* End PBXProject section */

/* Begin PBXResourcesBuildPhase section */
		FEC15C05286DF23200F855BB /* Resources */ = {
			isa = PBXResourcesBuildPhase;
			buildActionMask = 2147483647;
			files = (
				FEC15C17286DF23400F855BB /* LaunchScreen.storyboard in Resources */,
				FEC15C14286DF23400F855BB /* Assets.xcassets in Resources */,
				FEC15C12286DF23200F855BB /* Main.storyboard in Resources */,
			);
			runOnlyForDeploymentPostprocessing = 0;
		};
/* End PBXResourcesBuildPhase section */

/* Begin PBXSourcesBuildPhase section */
		FEC15C03286DF23200F855BB /* Sources */ = {
			isa = PBXSourcesBuildPhase;
			buildActionMask = 2147483647;
			files = (
				FE0522A0286F23C000E393E2 /* ContactTableViewCell.swift in Sources */,
				FEA157D1286FB39E00EA5755 /* ContactViewController.swift in Sources */,
				FE0522A2286F789D00E393E2 /* ErrorViewController.swift in Sources */,
				FEC15C0F286DF23200F855BB /* ViewController.swift in Sources */,
				FE05229E286F214100E393E2 /* ContactsTableViewController.swift in Sources */,
				FEC15C0B286DF23200F855BB /* AppDelegate.swift in Sources */,
				FEC15C0D286DF23200F855BB /* SceneDelegate.swift in Sources */,
			);
			runOnlyForDeploymentPostprocessing = 0;
		};
/* End PBXSourcesBuildPhase section */

/* Begin PBXVariantGroup section */
		FEC15C10286DF23200F855BB /* Main.storyboard */ = {
			isa = PBXVariantGroup;
			children = (
				FEC15C11286DF23200F855BB /* Base */,
			);
			name = Main.storyboard;
			sourceTree = "<group>";
		};
		FEC15C15286DF23400F855BB /* LaunchScreen.storyboard */ = {
			isa = PBXVariantGroup;
			children = (
				FEC15C16286DF23400F855BB /* Base */,
			);
			name = LaunchScreen.storyboard;
			sourceTree = "<group>";
		};
/* End PBXVariantGroup section */

/* Begin XCBuildConfiguration section */
		FEC15C19286DF23400F855BB /* Debug */ = {
			isa = XCBuildConfiguration;
			buildSettings = {
				ALWAYS_SEARCH_USER_PATHS = NO;
				CLANG_ANALYZER_NONNULL = YES;
				CLANG_ANALYZER_NUMBER_OBJECT_CONVERSION = YES_AGGRESSIVE;
				CLANG_CXX_LANGUAGE_STANDARD = "gnu++17";
				CLANG_ENABLE_MODULES = YES;
				CLANG_ENABLE_OBJC_ARC = YES;
				CLANG_ENABLE_OBJC_WEAK = YES;
				CLANG_WARN_BLOCK_CAPTURE_AUTORELEASING = YES;
				CLANG_WARN_BOOL_CONVERSION = YES;
				CLANG_WARN_COMMA = YES;
				CLANG_WARN_CONSTANT_CONVERSION = YES;
				CLANG_WARN_DEPRECATED_OBJC_IMPLEMENTATIONS = YES;
				CLANG_WARN_DIRECT_OBJC_ISA_USAGE = YES_ERROR;
				CLANG_WARN_DOCUMENTATION_COMMENTS = YES;
				CLANG_WARN_EMPTY_BODY = YES;
				CLANG_WARN_ENUM_CONVERSION = YES;
				CLANG_WARN_INFINITE_RECURSION = YES;
				CLANG_WARN_INT_CONVERSION = YES;
				CLANG_WARN_NON_LITERAL_NULL_CONVERSION = YES;
				CLANG_WARN_OBJC_IMPLICIT_RETAIN_SELF = YES;
				CLANG_WARN_OBJC_LITERAL_CONVERSION = YES;
				CLANG_WARN_OBJC_ROOT_CLASS = YES_ERROR;
				CLANG_WARN_QUOTED_INCLUDE_IN_FRAMEWORK_HEADER = YES;
				CLANG_WARN_RANGE_LOOP_ANALYSIS = YES;
				CLANG_WARN_STRICT_PROTOTYPES = YES;
				CLANG_WARN_SUSPICIOUS_MOVE = YES;
				CLANG_WARN_UNGUARDED_AVAILABILITY = YES_AGGRESSIVE;
				CLANG_WARN_UNREACHABLE_CODE = YES;
				CLANG_WARN__DUPLICATE_METHOD_MATCH = YES;
				COPY_PHASE_STRIP = NO;
				DEBUG_INFORMATION_FORMAT = dwarf;
				ENABLE_STRICT_OBJC_MSGSEND = YES;
				ENABLE_TESTABILITY = YES;
				GCC_C_LANGUAGE_STANDARD = gnu11;
				GCC_DYNAMIC_NO_PIC = NO;
				GCC_NO_COMMON_BLOCKS = YES;
				GCC_OPTIMIZATION_LEVEL = 0;
				GCC_PREPROCESSOR_DEFINITIONS = (
					"DEBUG=1",
					"$(inherited)",
				);
				GCC_WARN_64_TO_32_BIT_CONVERSION = YES;
				GCC_WARN_ABOUT_RETURN_TYPE = YES_ERROR;
				GCC_WARN_UNDECLARED_SELECTOR = YES;
				GCC_WARN_UNINITIALIZED_AUTOS = YES_AGGRESSIVE;
				GCC_WARN_UNUSED_FUNCTION = YES;
				GCC_WARN_UNUSED_VARIABLE = YES;
				IPHONEOS_DEPLOYMENT_TARGET = 15.0;
				MTL_ENABLE_DEBUG_INFO = INCLUDE_SOURCE;
				MTL_FAST_MATH = YES;
				ONLY_ACTIVE_ARCH = YES;
				SDKROOT = iphoneos;
				SWIFT_ACTIVE_COMPILATION_CONDITIONS = DEBUG;
				SWIFT_OPTIMIZATION_LEVEL = "-Onone";
			};
			name = Debug;
		};
		FEC15C1A286DF23400F855BB /* Release */ = {
			isa = XCBuildConfiguration;
			buildSettings = {
				ALWAYS_SEARCH_USER_PATHS = NO;
				CLANG_ANALYZER_NONNULL = YES;
				CLANG_ANALYZER_NUMBER_OBJECT_CONVERSION = YES_AGGRESSIVE;
				CLANG_CXX_LANGUAGE_STANDARD = "gnu++17";
				CLANG_ENABLE_MODULES = YES;
				CLANG_ENABLE_OBJC_ARC = YES;
				CLANG_ENABLE_OBJC_WEAK = YES;
				CLANG_WARN_BLOCK_CAPTURE_AUTORELEASING = YES;
				CLANG_WARN_BOOL_CONVERSION = YES;
				CLANG_WARN_COMMA = YES;
				CLANG_WARN_CONSTANT_CONVERSION = YES;
				CLANG_WARN_DEPRECATED_OBJC_IMPLEMENTATIONS = YES;
				CLANG_WARN_DIRECT_OBJC_ISA_USAGE = YES_ERROR;
				CLANG_WARN_DOCUMENTATION_COMMENTS = YES;
				CLANG_WARN_EMPTY_BODY = YES;
				CLANG_WARN_ENUM_CONVERSION = YES;
				CLANG_WARN_INFINITE_RECURSION = YES;
				CLANG_WARN_INT_CONVERSION = YES;
				CLANG_WARN_NON_LITERAL_NULL_CONVERSION = YES;
				CLANG_WARN_OBJC_IMPLICIT_RETAIN_SELF = YES;
				CLANG_WARN_OBJC_LITERAL_CONVERSION = YES;
				CLANG_WARN_OBJC_ROOT_CLASS = YES_ERROR;
				CLANG_WARN_QUOTED_INCLUDE_IN_FRAMEWORK_HEADER = YES;
				CLANG_WARN_RANGE_LOOP_ANALYSIS = YES;
				CLANG_WARN_STRICT_PROTOTYPES = YES;
				CLANG_WARN_SUSPICIOUS_MOVE = YES;
				CLANG_WARN_UNGUARDED_AVAILABILITY = YES_AGGRESSIVE;
				CLANG_WARN_UNREACHABLE_CODE = YES;
				CLANG_WARN__DUPLICATE_METHOD_MATCH = YES;
				COPY_PHASE_STRIP = NO;
				DEBUG_INFORMATION_FORMAT = "dwarf-with-dsym";
				ENABLE_NS_ASSERTIONS = NO;
				ENABLE_STRICT_OBJC_MSGSEND = YES;
				GCC_C_LANGUAGE_STANDARD = gnu11;
				GCC_NO_COMMON_BLOCKS = YES;
				GCC_WARN_64_TO_32_BIT_CONVERSION = YES;
				GCC_WARN_ABOUT_RETURN_TYPE = YES_ERROR;
				GCC_WARN_UNDECLARED_SELECTOR = YES;
				GCC_WARN_UNINITIALIZED_AUTOS = YES_AGGRESSIVE;
				GCC_WARN_UNUSED_FUNCTION = YES;
				GCC_WARN_UNUSED_VARIABLE = YES;
				IPHONEOS_DEPLOYMENT_TARGET = 15.0;
				MTL_ENABLE_DEBUG_INFO = NO;
				MTL_FAST_MATH = YES;
				SDKROOT = iphoneos;
				SWIFT_COMPILATION_MODE = wholemodule;
				SWIFT_OPTIMIZATION_LEVEL = "-O";
				VALIDATE_PRODUCT = YES;
			};
			name = Release;
		};
		FEC15C1C286DF23400F855BB /* Debug */ = {
			isa = XCBuildConfiguration;
			buildSettings = {
				ASSETCATALOG_COMPILER_APPICON_NAME = AppIcon;
				ASSETCATALOG_COMPILER_GLOBAL_ACCENT_COLOR_NAME = AccentColor;
				CODE_SIGN_STYLE = Automatic;
				CURRENT_PROJECT_VERSION = 1;
				DEVELOPMENT_TEAM = KTNM35TF3W;
				GENERATE_INFOPLIST_FILE = YES;
				INFOPLIST_FILE = hw2/Info.plist;
				INFOPLIST_KEY_UIApplicationSupportsIndirectInputEvents = YES;
				INFOPLIST_KEY_UILaunchStoryboardName = LaunchScreen;
				INFOPLIST_KEY_UIMainStoryboardFile = Main;
				INFOPLIST_KEY_UISupportedInterfaceOrientations = UIInterfaceOrientationPortrait;
				INFOPLIST_KEY_UISupportedInterfaceOrientations_iPad = "UIInterfaceOrientationPortrait UIInterfaceOrientationPortraitUpsideDown UIInterfaceOrientationLandscapeLeft UIInterfaceOrientationLandscapeRight";
				INFOPLIST_KEY_UISupportedInterfaceOrientations_iPhone = "UIInterfaceOrientationPortrait UIInterfaceOrientationLandscapeLeft UIInterfaceOrientationLandscapeRight";
				LD_RUNPATH_SEARCH_PATHS = (
					"$(inherited)",
					"@executable_path/Frameworks",
				);
				MARKETING_VERSION = 1.0;
				PRODUCT_BUNDLE_IDENTIFIER = "Daniil-Chemaev.hw2";
				PRODUCT_NAME = "$(TARGET_NAME)";
				SWIFT_EMIT_LOC_STRINGS = YES;
				SWIFT_VERSION = 5.0;
				TARGETED_DEVICE_FAMILY = 1;
			};
			name = Debug;
		};
		FEC15C1D286DF23400F855BB /* Release */ = {
			isa = XCBuildConfiguration;
			buildSettings = {
				ASSETCATALOG_COMPILER_APPICON_NAME = AppIcon;
				ASSETCATALOG_COMPILER_GLOBAL_ACCENT_COLOR_NAME = AccentColor;
				CODE_SIGN_STYLE = Automatic;
				CURRENT_PROJECT_VERSION = 1;
				DEVELOPMENT_TEAM = KTNM35TF3W;
				GENERATE_INFOPLIST_FILE = YES;
				INFOPLIST_FILE = hw2/Info.plist;
				INFOPLIST_KEY_UIApplicationSupportsIndirectInputEvents = YES;
				INFOPLIST_KEY_UILaunchStoryboardName = LaunchScreen;
				INFOPLIST_KEY_UIMainStoryboardFile = Main;
				INFOPLIST_KEY_UISupportedInterfaceOrientations = UIInterfaceOrientationPortrait;
				INFOPLIST_KEY_UISupportedInterfaceOrientations_iPad = "UIInterfaceOrientationPortrait UIInterfaceOrientationPortraitUpsideDown UIInterfaceOrientationLandscapeLeft UIInterfaceOrientationLandscapeRight";
				INFOPLIST_KEY_UISupportedInterfaceOrientations_iPhone = "UIInterfaceOrientationPortrait UIInterfaceOrientationLandscapeLeft UIInterfaceOrientationLandscapeRight";
				LD_RUNPATH_SEARCH_PATHS = (
					"$(inherited)",
					"@executable_path/Frameworks",
				);
				MARKETING_VERSION = 1.0;
				PRODUCT_BUNDLE_IDENTIFIER = "Daniil-Chemaev.hw2";
				PRODUCT_NAME = "$(TARGET_NAME)";
				SWIFT_EMIT_LOC_STRINGS = YES;
				SWIFT_VERSION = 5.0;
				TARGETED_DEVICE_FAMILY = 1;
			};
			name = Release;
		};
/* End XCBuildConfiguration section */

/* Begin XCConfigurationList section */
		FEC15C02286DF23200F855BB /* Build configuration list for PBXProject "hw2" */ = {
			isa = XCConfigurationList;
			buildConfigurations = (
				FEC15C19286DF23400F855BB /* Debug */,
				FEC15C1A286DF23400F855BB /* Release */,
			);
			defaultConfigurationIsVisible = 0;
			defaultConfigurationName = Release;
		};
		FEC15C1B286DF23400F855BB /* Build configuration list for PBXNativeTarget "hw2" */ = {
			isa = XCConfigurationList;
			buildConfigurations = (
				FEC15C1C286DF23400F855BB /* Debug */,
				FEC15C1D286DF23400F855BB /* Release */,
			);
			defaultConfigurationIsVisible = 0;
			defaultConfigurationName = Release;
		};
/* End XCConfigurationList section */
	};
	rootObject = FEC15BFF286DF23200F855BB /* Project object */;
}
